// !$*UTF8*$!
{
	archiveVersion = 1;
	classes = {
	};
	objectVersion = 50;
	objects = {

/* Begin PBXBuildFile section */
		70106C4F2358B50000A6215A /* AppDelegate.swift in Sources */ = {isa = PBXBuildFile; fileRef = 70106C4E2358B50000A6215A /* AppDelegate.swift */; };
		70106C512358B50000A6215A /* SceneDelegate.swift in Sources */ = {isa = PBXBuildFile; fileRef = 70106C502358B50000A6215A /* SceneDelegate.swift */; };
		70106C562358B50000A6215A /* Main.storyboard in Resources */ = {isa = PBXBuildFile; fileRef = 70106C542358B50000A6215A /* Main.storyboard */; };
		70106C582358B50100A6215A /* Assets.xcassets in Resources */ = {isa = PBXBuildFile; fileRef = 70106C572358B50100A6215A /* Assets.xcassets */; };
		70106C5B2358B50100A6215A /* LaunchScreen.storyboard in Resources */ = {isa = PBXBuildFile; fileRef = 70106C592358B50100A6215A /* LaunchScreen.storyboard */; };
		70106C632358B57F00A6215A /* LoginRegistrationViewController.swift in Sources */ = {isa = PBXBuildFile; fileRef = 70106C622358B57F00A6215A /* LoginRegistrationViewController.swift */; };
		70106C652358C75500A6215A /* ProfileViewController.swift in Sources */ = {isa = PBXBuildFile; fileRef = 70106C642358C75500A6215A /* ProfileViewController.swift */; };
		70FCDDBF235B18DA0027B3CC /* ImagesCell.swift in Sources */ = {isa = PBXBuildFile; fileRef = 70FCDDBE235B18DA0027B3CC /* ImagesCell.swift */; };
/* End PBXBuildFile section */

/* Begin PBXFileReference section */
		70106C4B2358B50000A6215A /* AutoLayoutProject.app */ = {isa = PBXFileReference; explicitFileType = wrapper.application; includeInIndex = 0; path = AutoLayoutProject.app; sourceTree = BUILT_PRODUCTS_DIR; };
		70106C4E2358B50000A6215A /* AppDelegate.swift */ = {isa = PBXFileReference; lastKnownFileType = sourcecode.swift; path = AppDelegate.swift; sourceTree = "<group>"; };
		70106C502358B50000A6215A /* SceneDelegate.swift */ = {isa = PBXFileReference; lastKnownFileType = sourcecode.swift; path = SceneDelegate.swift; sourceTree = "<group>"; };
		70106C552358B50000A6215A /* Base */ = {isa = PBXFileReference; lastKnownFileType = file.storyboard; name = Base; path = Base.lproj/Main.storyboard; sourceTree = "<group>"; };
		70106C572358B50100A6215A /* Assets.xcassets */ = {isa = PBXFileReference; lastKnownFileType = folder.assetcatalog; path = Assets.xcassets; sourceTree = "<group>"; };
		70106C5A2358B50100A6215A /* Base */ = {isa = PBXFileReference; lastKnownFileType = file.storyboard; name = Base; path = Base.lproj/LaunchScreen.storyboard; sourceTree = "<group>"; };
		70106C5C2358B50100A6215A /* Info.plist */ = {isa = PBXFileReference; lastKnownFileType = text.plist.xml; path = Info.plist; sourceTree = "<group>"; };
		70106C622358B57F00A6215A /* LoginRegistrationViewController.swift */ = {isa = PBXFileReference; lastKnownFileType = sourcecode.swift; path = LoginRegistrationViewController.swift; sourceTree = "<group>"; };
		70106C642358C75500A6215A /* ProfileViewController.swift */ = {isa = PBXFileReference; lastKnownFileType = sourcecode.swift; path = ProfileViewController.swift; sourceTree = "<group>"; };
		70FCDDBE235B18DA0027B3CC /* ImagesCell.swift */ = {isa = PBXFileReference; lastKnownFileType = sourcecode.swift; path = ImagesCell.swift; sourceTree = "<group>"; };
/* End PBXFileReference section */

/* Begin PBXFrameworksBuildPhase section */
		70106C482358B50000A6215A /* Frameworks */ = {
			isa = PBXFrameworksBuildPhase;
			buildActionMask = 2147483647;
			files = (
			);
			runOnlyForDeploymentPostprocessing = 0;
		};
/* End PBXFrameworksBuildPhase section */

/* Begin PBXGroup section */
		70106C422358B50000A6215A = {
			isa = PBXGroup;
			children = (
				70106C4D2358B50000A6215A /* AutoLayoutProject */,
				70106C4C2358B50000A6215A /* Products */,
			);
			sourceTree = "<group>";
		};
		70106C4C2358B50000A6215A /* Products */ = {
			isa = PBXGroup;
			children = (
				70106C4B2358B50000A6215A /* AutoLayoutProject.app */,
			);
			name = Products;
			sourceTree = "<group>";
		};
		70106C4D2358B50000A6215A /* AutoLayoutProject */ = {
			isa = PBXGroup;
			children = (
				70106C4E2358B50000A6215A /* AppDelegate.swift */,
				70106C502358B50000A6215A /* SceneDelegate.swift */,
				70106C622358B57F00A6215A /* LoginRegistrationViewController.swift */,
				70106C642358C75500A6215A /* ProfileViewController.swift */,
				70FCDDBE235B18DA0027B3CC /* ImagesCell.swift */,
				70106C542358B50000A6215A /* Main.storyboard */,
				70106C572358B50100A6215A /* Assets.xcassets */,
				70106C592358B50100A6215A /* LaunchScreen.storyboard */,
				70106C5C2358B50100A6215A /* Info.plist */,
			);
			path = AutoLayoutProject;
			sourceTree = "<group>";
		};
/* End PBXGroup section */

/* Begin PBXNativeTarget section */
		70106C4A2358B50000A6215A /* AutoLayoutProject */ = {
			isa = PBXNativeTarget;
			buildConfigurationList = 70106C5F2358B50100A6215A /* Build configuration list for PBXNativeTarget "AutoLayoutProject" */;
			buildPhases = (
				70106C472358B50000A6215A /* Sources */,
				70106C482358B50000A6215A /* Frameworks */,
				70106C492358B50000A6215A /* Resources */,
			);
			buildRules = (
			);
			dependencies = (
			);
			name = AutoLayoutProject;
			productName = AutoLayoutProject;
			productReference = 70106C4B2358B50000A6215A /* AutoLayoutProject.app */;
			productType = "com.apple.product-type.application";
		};
/* End PBXNativeTarget section */

/* Begin PBXProject section */
		70106C432358B50000A6215A /* Project object */ = {
			isa = PBXProject;
			attributes = {
				LastSwiftUpdateCheck = 1100;
				LastUpgradeCheck = 1100;
				ORGANIZATIONNAME = "Harut Mikichyan";
				TargetAttributes = {
					70106C4A2358B50000A6215A = {
						CreatedOnToolsVersion = 11.0;
					};
				};
			};
			buildConfigurationList = 70106C462358B50000A6215A /* Build configuration list for PBXProject "AutoLayoutProject" */;
			compatibilityVersion = "Xcode 9.3";
			developmentRegion = en;
			hasScannedForEncodings = 0;
			knownRegions = (
				en,
				Base,
			);
			mainGroup = 70106C422358B50000A6215A;
			productRefGroup = 70106C4C2358B50000A6215A /* Products */;
			projectDirPath = "";
			projectRoot = "";
			targets = (
				70106C4A2358B50000A6215A /* AutoLayoutProject */,
			);
		};
/* End PBXProject section */

/* Begin PBXResourcesBuildPhase section */
		70106C492358B50000A6215A /* Resources */ = {
			isa = PBXResourcesBuildPhase;
			buildActionMask = 2147483647;
			files = (
				70106C5B2358B50100A6215A /* LaunchScreen.storyboard in Resources */,
				70106C582358B50100A6215A /* Assets.xcassets in Resources */,
				70106C562358B50000A6215A /* Main.storyboard in Resources */,
			);
			runOnlyForDeploymentPostprocessing = 0;
		};
/* End PBXResourcesBuildPhase section */

/* Begin PBXSourcesBuildPhase section */
		70106C472358B50000A6215A /* Sources */ = {
			isa = PBXSourcesBuildPhase;
			buildActionMask = 2147483647;
			files = (
				70106C4F2358B50000A6215A /* AppDelegate.swift in Sources */,
				70FCDDBF235B18DA0027B3CC /* ImagesCell.swift in Sources */,
				70106C512358B50000A6215A /* SceneDelegate.swift in Sources */,
				70106C652358C75500A6215A /* ProfileViewController.swift in Sources */,
				70106C632358B57F00A6215A /* LoginRegistrationViewController.swift in Sources */,
			);
			runOnlyForDeploymentPostprocessing = 0;
		};
/* End PBXSourcesBuildPhase section */

/* Begin PBXVariantGroup section */
		70106C542358B50000A6215A /* Main.storyboard */ = {
			isa = PBXVariantGroup;
			children = (
				70106C552358B50000A6215A /* Base */,
			);
			name = Main.storyboard;
			sourceTree = "<group>";
		};
		70106C592358B50100A6215A /* LaunchScreen.storyboard */ = {
			isa = PBXVariantGroup;
			children = (
				70106C5A2358B50100A6215A /* Base */,
			);
			name = LaunchScreen.storyboard;
			sourceTree = "<group>";
		};
/* End PBXVariantGroup section */

/* Begin XCBuildConfiguration section */
		70106C5D2358B50100A6215A /* Debug */ = {
			isa = XCBuildConfiguration;
			buildSettings = {
				ALWAYS_SEARCH_USER_PATHS = NO;
				CLANG_ANALYZER_NONNULL = YES;
				CLANG_ANALYZER_NUMBER_OBJECT_CONVERSION = YES_AGGRESSIVE;
				CLANG_CXX_LANGUAGE_STANDARD = "gnu++14";
				CLANG_CXX_LIBRARY = "libc++";
				CLANG_ENABLE_MODULES = YES;
				CLANG_ENABLE_OBJC_ARC = YES;
				CLANG_ENABLE_OBJC_WEAK = YES;
				CLANG_WARN_BLOCK_CAPTURE_AUTORELEASING = YES;
				CLANG_WARN_BOOL_CONVERSION = YES;
				CLANG_WARN_COMMA = YES;
				CLANG_WARN_CONSTANT_CONVERSION = YES;
				CLANG_WARN_DEPRECATED_OBJC_IMPLEMENTATIONS = YES;
				CLANG_WARN_DIRECT_OBJC_ISA_USAGE = YES_ERROR;
				CLANG_WARN_DOCUMENTATION_COMMENTS = YES;
				CLANG_WARN_EMPTY_BODY = YES;
				CLANG_WARN_ENUM_CONVERSION = YES;
				CLANG_WARN_INFINITE_RECURSION = YES;
				CLANG_WARN_INT_CONVERSION = YES;
				CLANG_WARN_NON_LITERAL_NULL_CONVERSION = YES;
				CLANG_WARN_OBJC_IMPLICIT_RETAIN_SELF = YES;
				CLANG_WARN_OBJC_LITERAL_CONVERSION = YES;
				CLANG_WARN_OBJC_ROOT_CLASS = YES_ERROR;
				CLANG_WARN_RANGE_LOOP_ANALYSIS = YES;
				CLANG_WARN_STRICT_PROTOTYPES = YES;
				CLANG_WARN_SUSPICIOUS_MOVE = YES;
				CLANG_WARN_UNGUARDED_AVAILABILITY = YES_AGGRESSIVE;
				CLANG_WARN_UNREACHABLE_CODE = YES;
				CLANG_WARN__DUPLICATE_METHOD_MATCH = YES;
				COPY_PHASE_STRIP = NO;
				DEBUG_INFORMATION_FORMAT = dwarf;
				ENABLE_STRICT_OBJC_MSGSEND = YES;
				ENABLE_TESTABILITY = YES;
				GCC_C_LANGUAGE_STANDARD = gnu11;
				GCC_DYNAMIC_NO_PIC = NO;
				GCC_NO_COMMON_BLOCKS = YES;
				GCC_OPTIMIZATION_LEVEL = 0;
				GCC_PREPROCESSOR_DEFINITIONS = (
					"DEBUG=1",
					"$(inherited)",
				);
				GCC_WARN_64_TO_32_BIT_CONVERSION = YES;
				GCC_WARN_ABOUT_RETURN_TYPE = YES_ERROR;
				GCC_WARN_UNDECLARED_SELECTOR = YES;
				GCC_WARN_UNINITIALIZED_AUTOS = YES_AGGRESSIVE;
				GCC_WARN_UNUSED_FUNCTION = YES;
				GCC_WARN_UNUSED_VARIABLE = YES;
				IPHONEOS_DEPLOYMENT_TARGET = 13.0;
				MTL_ENABLE_DEBUG_INFO = INCLUDE_SOURCE;
				MTL_FAST_MATH = YES;
				ONLY_ACTIVE_ARCH = YES;
				SDKROOT = iphoneos;
				SWIFT_ACTIVE_COMPILATION_CONDITIONS = DEBUG;
				SWIFT_OPTIMIZATION_LEVEL = "-Onone";
			};
			name = Debug;
		};
		70106C5E2358B50100A6215A /* Release */ = {
			isa = XCBuildConfiguration;
			buildSettings = {
				ALWAYS_SEARCH_USER_PATHS = NO;
				CLANG_ANALYZER_NONNULL = YES;
				CLANG_ANALYZER_NUMBER_OBJECT_CONVERSION = YES_AGGRESSIVE;
				CLANG_CXX_LANGUAGE_STANDARD = "gnu++14";
				CLANG_CXX_LIBRARY = "libc++";
				CLANG_ENABLE_MODULES = YES;
				CLANG_ENABLE_OBJC_ARC = YES;
				CLANG_ENABLE_OBJC_WEAK = YES;
				CLANG_WARN_BLOCK_CAPTURE_AUTORELEASING = YES;
				CLANG_WARN_BOOL_CONVERSION = YES;
				CLANG_WARN_COMMA = YES;
				CLANG_WARN_CONSTANT_CONVERSION = YES;
				CLANG_WARN_DEPRECATED_OBJC_IMPLEMENTATIONS = YES;
				CLANG_WARN_DIRECT_OBJC_ISA_USAGE = YES_ERROR;
				CLANG_WARN_DOCUMENTATION_COMMENTS = YES;
				CLANG_WARN_EMPTY_BODY = YES;
				CLANG_WARN_ENUM_CONVERSION = YES;
				CLANG_WARN_INFINITE_RECURSION = YES;
				CLANG_WARN_INT_CONVERSION = YES;
				CLANG_WARN_NON_LITERAL_NULL_CONVERSION = YES;
				CLANG_WARN_OBJC_IMPLICIT_RETAIN_SELF = YES;
				CLANG_WARN_OBJC_LITERAL_CONVERSION = YES;
				CLANG_WARN_OBJC_ROOT_CLASS = YES_ERROR;
				CLANG_WARN_RANGE_LOOP_ANALYSIS = YES;
				CLANG_WARN_STRICT_PROTOTYPES = YES;
				CLANG_WARN_SUSPICIOUS_MOVE = YES;
				CLANG_WARN_UNGUARDED_AVAILABILITY = YES_AGGRESSIVE;
				CLANG_WARN_UNREACHABLE_CODE = YES;
				CLANG_WARN__DUPLICATE_METHOD_MATCH = YES;
				COPY_PHASE_STRIP = NO;
				DEBUG_INFORMATION_FORMAT = "dwarf-with-dsym";
				ENABLE_NS_ASSERTIONS = NO;
				ENABLE_STRICT_OBJC_MSGSEND = YES;
				GCC_C_LANGUAGE_STANDARD = gnu11;
				GCC_NO_COMMON_BLOCKS = YES;
				GCC_WARN_64_TO_32_BIT_CONVERSION = YES;
				GCC_WARN_ABOUT_RETURN_TYPE = YES_ERROR;
				GCC_WARN_UNDECLARED_SELECTOR = YES;
				GCC_WARN_UNINITIALIZED_AUTOS = YES_AGGRESSIVE;
				GCC_WARN_UNUSED_FUNCTION = YES;
				GCC_WARN_UNUSED_VARIABLE = YES;
				IPHONEOS_DEPLOYMENT_TARGET = 13.0;
				MTL_ENABLE_DEBUG_INFO = NO;
				MTL_FAST_MATH = YES;
				SDKROOT = iphoneos;
				SWIFT_COMPILATION_MODE = wholemodule;
				SWIFT_OPTIMIZATION_LEVEL = "-O";
				VALIDATE_PRODUCT = YES;
			};
			name = Release;
		};
		70106C602358B50100A6215A /* Debug */ = {
			isa = XCBuildConfiguration;
			buildSettings = {
				ASSETCATALOG_COMPILER_APPICON_NAME = AppIcon;
				CODE_SIGN_STYLE = Automatic;
				DEVELOPMENT_TEAM = 52H3X6C7BT;
				INFOPLIST_FILE = AutoLayoutProject/Info.plist;
				LD_RUNPATH_SEARCH_PATHS = (
					"$(inherited)",
					"@executable_path/Frameworks",
				);
				PRODUCT_BUNDLE_IDENTIFIER = HarutMikichyan.AutoLayoutProject;
				PRODUCT_NAME = "$(TARGET_NAME)";
				SWIFT_VERSION = 5.0;
				TARGETED_DEVICE_FAMILY = "1,2";
			};
			name = Debug;
		};
		70106C612358B50100A6215A /* Release */ = {
			isa = XCBuildConfiguration;
			buildSettings = {
				ASSETCATALOG_COMPILER_APPICON_NAME = AppIcon;
				CODE_SIGN_STYLE = Automatic;
				DEVELOPMENT_TEAM = 52H3X6C7BT;
				INFOPLIST_FILE = AutoLayoutProject/Info.plist;
				LD_RUNPATH_SEARCH_PATHS = (
					"$(inherited)",
					"@executable_path/Frameworks",
				);
				PRODUCT_BUNDLE_IDENTIFIER = HarutMikichyan.AutoLayoutProject;
				PRODUCT_NAME = "$(TARGET_NAME)";
				SWIFT_VERSION = 5.0;
				TARGETED_DEVICE_FAMILY = "1,2";
			};
			name = Release;
		};
/* End XCBuildConfiguration section */

/* Begin XCConfigurationList section */
		70106C462358B50000A6215A /* Build configuration list for PBXProject "AutoLayoutProject" */ = {
			isa = XCConfigurationList;
			buildConfigurations = (
				70106C5D2358B50100A6215A /* Debug */,
				70106C5E2358B50100A6215A /* Release */,
			);
			defaultConfigurationIsVisible = 0;
			defaultConfigurationName = Release;
		};
		70106C5F2358B50100A6215A /* Build configuration list for PBXNativeTarget "AutoLayoutProject" */ = {
			isa = XCConfigurationList;
			buildConfigurations = (
				70106C602358B50100A6215A /* Debug */,
				70106C612358B50100A6215A /* Release */,
			);
			defaultConfigurationIsVisible = 0;
			defaultConfigurationName = Release;
		};
/* End XCConfigurationList section */
	};
	rootObject = 70106C432358B50000A6215A /* Project object */;
}
